
Microsoft Visual Studio Solution File, Format Version 12.00
# Visual Studio Version 17
VisualStudioVersion = 17.9.34616.47
MinimumVisualStudioVersion = 10.0.40219.1
Project("{9A19103F-16F7-4668-BE54-9A1E7A4F7556}") = "MemCache.ProductService.API", "MemCache.ProductService.API\MemCache.ProductService.API.csproj", "{5309AB07-3CA5-45E4-B535-540F5DF562E2}"
EndProject
Project("{9A19103F-16F7-4668-BE54-9A1E7A4F7556}") = "MemCache.ProductService.Contracts", "MemCache.ProductService.Contracts\MemCache.ProductService.Contracts.csproj", "{61EAFFB9-68BD-4650-95EB-0C0D74AE3125}"
EndProject
Project("{9A19103F-16F7-4668-BE54-9A1E7A4F7556}") = "MemCache.ProductService.Data", "MemCache.ProductService.Data\MemCache.ProductService.Data.csproj", "{2B4DBD13-4B55-42EF-A4A7-D4DC4B53E63B}"
EndProject
Project("{E53339B2-1760-4266-BCC7-CA923CBCF16C}") = "docker-compose", "docker-compose.dcproj", "{8D2A9E37-FB59-4DE1-B86F-F1BD7EA5F8C1}"
EndProject
Global
	GlobalSection(SolutionConfigurationPlatforms) = preSolution
		Debug|Any CPU = Debug|Any CPU
		Release|Any CPU = Release|Any CPU
	EndGlobalSection
	GlobalSection(ProjectConfigurationPlatforms) = postSolution
		{5309AB07-3CA5-45E4-B535-540F5DF562E2}.Debug|Any CPU.ActiveCfg = Debug|Any CPU
		{5309AB07-3CA5-45E4-B535-540F5DF562E2}.Debug|Any CPU.Build.0 = Debug|Any CPU
		{5309AB07-3CA5-45E4-B535-540F5DF562E2}.Release|Any CPU.ActiveCfg = Release|Any CPU
		{5309AB07-3CA5-45E4-B535-540F5DF562E2}.Release|Any CPU.Build.0 = Release|Any CPU
		{61EAFFB9-68BD-4650-95EB-0C0D74AE3125}.Debug|Any CPU.ActiveCfg = Debug|Any CPU
		{61EAFFB9-68BD-4650-95EB-0C0D74AE3125}.Debug|Any CPU.Build.0 = Debug|Any CPU
		{61EAFFB9-68BD-4650-95EB-0C0D74AE3125}.Release|Any CPU.ActiveCfg = Release|Any CPU
		{61EAFFB9-68BD-4650-95EB-0C0D74AE3125}.Release|Any CPU.Build.0 = Release|Any CPU
		{2B4DBD13-4B55-42EF-A4A7-D4DC4B53E63B}.Debug|Any CPU.ActiveCfg = Debug|Any CPU
		{2B4DBD13-4B55-42EF-A4A7-D4DC4B53E63B}.Debug|Any CPU.Build.0 = Debug|Any CPU
		{2B4DBD13-4B55-42EF-A4A7-D4DC4B53E63B}.Release|Any CPU.ActiveCfg = Release|Any CPU
		{2B4DBD13-4B55-42EF-A4A7-D4DC4B53E63B}.Release|Any CPU.Build.0 = Release|Any CPU
		{8D2A9E37-FB59-4DE1-B86F-F1BD7EA5F8C1}.Debug|Any CPU.ActiveCfg = Debug|Any CPU
		{8D2A9E37-FB59-4DE1-B86F-F1BD7EA5F8C1}.Debug|Any CPU.Build.0 = Debug|Any CPU
		{8D2A9E37-FB59-4DE1-B86F-F1BD7EA5F8C1}.Release|Any CPU.ActiveCfg = Release|Any CPU
		{8D2A9E37-FB59-4DE1-B86F-F1BD7EA5F8C1}.Release|Any CPU.Build.0 = Release|Any CPU
	EndGlobalSection
	GlobalSection(SolutionProperties) = preSolution
		HideSolutionNode = FALSE
	EndGlobalSection
	GlobalSection(ExtensibilityGlobals) = postSolution
		SolutionGuid = {AD0E0A14-D5C4-4E05-8B07-335B758A1A2E}
	EndGlobalSection
EndGlobal
